
Microsoft Visual Studio Solution File, Format Version 12.00
# Visual Studio 15
VisualStudioVersion = 15.0.33919.361
MinimumVisualStudioVersion = 10.0.40219.1
Project("{8BC9CEB8-8B4A-11D0-8D11-00A0C91BC942}") = "sortirovka--2", "sortirovka--2\sortirovka--2.vcxproj", "{87A2F30B-D483-4606-B505-6BF4981B68E6}"
EndProject
Global
	GlobalSection(SolutionConfigurationPlatforms) = preSolution
		Debug|x64 = Debug|x64
		Debug|x86 = Debug|x86
		Release|x64 = Release|x64
		Release|x86 = Release|x86
	EndGlobalSection
	GlobalSection(ProjectConfigurationPlatforms) = postSolution
		{87A2F30B-D483-4606-B505-6BF4981B68E6}.Debug|x64.ActiveCfg = Debug|x64
		{87A2F30B-D483-4606-B505-6BF4981B68E6}.Debug|x64.Build.0 = Debug|x64
		{87A2F30B-D483-4606-B505-6BF4981B68E6}.Debug|x86.ActiveCfg = Debug|Win32
		{87A2F30B-D483-4606-B505-6BF4981B68E6}.Debug|x86.Build.0 = Debug|Win32
		{87A2F30B-D483-4606-B505-6BF4981B68E6}.Release|x64.ActiveCfg = Release|x64
		{87A2F30B-D483-4606-B505-6BF4981B68E6}.Release|x64.Build.0 = Release|x64
		{87A2F30B-D483-4606-B505-6BF4981B68E6}.Release|x86.ActiveCfg = Release|Win32
		{87A2F30B-D483-4606-B505-6BF4981B68E6}.Release|x86.Build.0 = Release|Win32
	EndGlobalSection
	GlobalSection(SolutionProperties) = preSolution
		HideSolutionNode = FALSE
	EndGlobalSection
	GlobalSection(ExtensibilityGlobals) = postSolution
		SolutionGuid = {727F40AF-03BB-47B8-B384-F857BBC2DF67}
	EndGlobalSection
EndGlobal
